
Microsoft Visual Studio Solution File, Format Version 12.00
# Visual Studio Version 17
VisualStudioVersion = 17.9.34728.123
MinimumVisualStudioVersion = 10.0.40219.1
Project("{FAE04EC0-301F-11D3-BF4B-00C04F79EFBC}") = "SpecFlowMVPMARS", "SpecFlowProject1\SpecFlowMVPMARS.csproj", "{B6106C07-6BE6-4184-B560-28073AB3C78A}"
EndProject
Global
	GlobalSection(SolutionConfigurationPlatforms) = preSolution
		Debug|Any CPU = Debug|Any CPU
		Release|Any CPU = Release|Any CPU
	EndGlobalSection
	GlobalSection(ProjectConfigurationPlatforms) = postSolution
		{B6106C07-6BE6-4184-B560-28073AB3C78A}.Debug|Any CPU.ActiveCfg = Debug|Any CPU
		{B6106C07-6BE6-4184-B560-28073AB3C78A}.Debug|Any CPU.Build.0 = Debug|Any CPU
		{B6106C07-6BE6-4184-B560-28073AB3C78A}.Release|Any CPU.ActiveCfg = Release|Any CPU
		{B6106C07-6BE6-4184-B560-28073AB3C78A}.Release|Any CPU.Build.0 = Release|Any CPU
	EndGlobalSection
	GlobalSection(SolutionProperties) = preSolution
		HideSolutionNode = FALSE
	EndGlobalSection
	GlobalSection(ExtensibilityGlobals) = postSolution
		SolutionGuid = {1AEAC4C7-BF0C-47DB-8600-6D291D39585D}
	EndGlobalSection
EndGlobal
